// !$*UTF8*$!
{
	archiveVersion = 1;
	classes = {
	};
	objectVersion = 55;
	objects = {

/* Begin PBXBuildFile section */
		A44E8F8C27D1B2340053AC57 /* AppDelegate.swift in Sources */ = {isa = PBXBuildFile; fileRef = A44E8F8B27D1B2340053AC57 /* AppDelegate.swift */; };
		A44E8F9227D1B2340053AC57 /* GameScene.swift in Sources */ = {isa = PBXBuildFile; fileRef = A44E8F9127D1B2340053AC57 /* GameScene.swift */; };
		A44E8F9427D1B2340053AC57 /* GameViewController.swift in Sources */ = {isa = PBXBuildFile; fileRef = A44E8F9327D1B2340053AC57 /* GameViewController.swift */; };
		A44E8F9727D1B2340053AC57 /* Main.storyboard in Resources */ = {isa = PBXBuildFile; fileRef = A44E8F9527D1B2340053AC57 /* Main.storyboard */; };
		A44E8F9927D1B2350053AC57 /* Assets.xcassets in Resources */ = {isa = PBXBuildFile; fileRef = A44E8F9827D1B2350053AC57 /* Assets.xcassets */; };
		A44E8F9C27D1B2350053AC57 /* LaunchScreen.storyboard in Resources */ = {isa = PBXBuildFile; fileRef = A44E8F9A27D1B2350053AC57 /* LaunchScreen.storyboard */; };
		A44E8FA427D1BA6A0053AC57 /* Then in Frameworks */ = {isa = PBXBuildFile; productRef = A44E8FA327D1BA6A0053AC57 /* Then */; };
		A44E8FA827D320280053AC57 /* UmbrellaSprite.swift in Sources */ = {isa = PBXBuildFile; fileRef = A44E8FA727D320280053AC57 /* UmbrellaSprite.swift */; };
		A44E8FAA27D350160053AC57 /* Constants.swift in Sources */ = {isa = PBXBuildFile; fileRef = A44E8FA927D350160053AC57 /* Constants.swift */; };
		A44E8FAC27D36DF90053AC57 /* CatSprite.swift in Sources */ = {isa = PBXBuildFile; fileRef = A44E8FAB27D36DF90053AC57 /* CatSprite.swift */; };
		A44E8FAE27D3936A0053AC57 /* FoodSprite.swift in Sources */ = {isa = PBXBuildFile; fileRef = A44E8FAD27D3936A0053AC57 /* FoodSprite.swift */; };
/* End PBXBuildFile section */

/* Begin PBXFileReference section */
		A44E8F8827D1B2340053AC57 /* RainCat.app */ = {isa = PBXFileReference; explicitFileType = wrapper.application; includeInIndex = 0; path = RainCat.app; sourceTree = BUILT_PRODUCTS_DIR; };
		A44E8F8B27D1B2340053AC57 /* AppDelegate.swift */ = {isa = PBXFileReference; lastKnownFileType = sourcecode.swift; path = AppDelegate.swift; sourceTree = "<group>"; };
		A44E8F9127D1B2340053AC57 /* GameScene.swift */ = {isa = PBXFileReference; lastKnownFileType = sourcecode.swift; path = GameScene.swift; sourceTree = "<group>"; };
		A44E8F9327D1B2340053AC57 /* GameViewController.swift */ = {isa = PBXFileReference; lastKnownFileType = sourcecode.swift; path = GameViewController.swift; sourceTree = "<group>"; };
		A44E8F9627D1B2340053AC57 /* Base */ = {isa = PBXFileReference; lastKnownFileType = file.storyboard; name = Base; path = Base.lproj/Main.storyboard; sourceTree = "<group>"; };
		A44E8F9827D1B2350053AC57 /* Assets.xcassets */ = {isa = PBXFileReference; lastKnownFileType = folder.assetcatalog; path = Assets.xcassets; sourceTree = "<group>"; };
		A44E8F9B27D1B2350053AC57 /* Base */ = {isa = PBXFileReference; lastKnownFileType = file.storyboard; name = Base; path = Base.lproj/LaunchScreen.storyboard; sourceTree = "<group>"; };
		A44E8FA727D320280053AC57 /* UmbrellaSprite.swift */ = {isa = PBXFileReference; lastKnownFileType = sourcecode.swift; path = UmbrellaSprite.swift; sourceTree = "<group>"; };
		A44E8FA927D350160053AC57 /* Constants.swift */ = {isa = PBXFileReference; lastKnownFileType = sourcecode.swift; path = Constants.swift; sourceTree = "<group>"; };
		A44E8FAB27D36DF90053AC57 /* CatSprite.swift */ = {isa = PBXFileReference; lastKnownFileType = sourcecode.swift; path = CatSprite.swift; sourceTree = "<group>"; };
		A44E8FAD27D3936A0053AC57 /* FoodSprite.swift */ = {isa = PBXFileReference; lastKnownFileType = sourcecode.swift; path = FoodSprite.swift; sourceTree = "<group>"; };
/* End PBXFileReference section */

/* Begin PBXFrameworksBuildPhase section */
		A44E8F8527D1B2340053AC57 /* Frameworks */ = {
			isa = PBXFrameworksBuildPhase;
			buildActionMask = 2147483647;
			files = (
				A44E8FA427D1BA6A0053AC57 /* Then in Frameworks */,
			);
			runOnlyForDeploymentPostprocessing = 0;
		};
/* End PBXFrameworksBuildPhase section */

/* Begin PBXGroup section */
		A44E8F7F27D1B2340053AC57 = {
			isa = PBXGroup;
			children = (
				A44E8F8A27D1B2340053AC57 /* RainCat */,
				A44E8F8927D1B2340053AC57 /* Products */,
			);
			sourceTree = "<group>";
		};
		A44E8F8927D1B2340053AC57 /* Products */ = {
			isa = PBXGroup;
			children = (
				A44E8F8827D1B2340053AC57 /* RainCat.app */,
			);
			name = Products;
			sourceTree = "<group>";
		};
		A44E8F8A27D1B2340053AC57 /* RainCat */ = {
			isa = PBXGroup;
			children = (
				A44E8FA627D320140053AC57 /* Sprites */,
				A44E8F8B27D1B2340053AC57 /* AppDelegate.swift */,
				A44E8F9127D1B2340053AC57 /* GameScene.swift */,
				A44E8F9327D1B2340053AC57 /* GameViewController.swift */,
				A44E8F9527D1B2340053AC57 /* Main.storyboard */,
				A44E8F9827D1B2350053AC57 /* Assets.xcassets */,
				A44E8F9A27D1B2350053AC57 /* LaunchScreen.storyboard */,
				A44E8FA927D350160053AC57 /* Constants.swift */,
			);
			path = RainCat;
			sourceTree = "<group>";
		};
		A44E8FA627D320140053AC57 /* Sprites */ = {
			isa = PBXGroup;
			children = (
				A44E8FAD27D3936A0053AC57 /* FoodSprite.swift */,
				A44E8FA727D320280053AC57 /* UmbrellaSprite.swift */,
				A44E8FAB27D36DF90053AC57 /* CatSprite.swift */,
			);
			path = Sprites;
			sourceTree = "<group>";
		};
/* End PBXGroup section */

/* Begin PBXNativeTarget section */
		A44E8F8727D1B2340053AC57 /* RainCat */ = {
			isa = PBXNativeTarget;
			buildConfigurationList = A44E8F9F27D1B2350053AC57 /* Build configuration list for PBXNativeTarget "RainCat" */;
			buildPhases = (
				A44E8F8427D1B2340053AC57 /* Sources */,
				A44E8F8527D1B2340053AC57 /* Frameworks */,
				A44E8F8627D1B2340053AC57 /* Resources */,
			);
			buildRules = (
			);
			dependencies = (
			);
			name = RainCat;
			packageProductDependencies = (
				A44E8FA327D1BA6A0053AC57 /* Then */,
			);
			productName = RainCat;
			productReference = A44E8F8827D1B2340053AC57 /* RainCat.app */;
			productType = "com.apple.product-type.application";
		};
/* End PBXNativeTarget section */

/* Begin PBXProject section */
		A44E8F8027D1B2340053AC57 /* Project object */ = {
			isa = PBXProject;
			attributes = {
				BuildIndependentTargetsInParallel = 1;
				LastSwiftUpdateCheck = 1300;
				LastUpgradeCheck = 1300;
				TargetAttributes = {
					A44E8F8727D1B2340053AC57 = {
						CreatedOnToolsVersion = 13.0;
					};
				};
			};
			buildConfigurationList = A44E8F8327D1B2340053AC57 /* Build configuration list for PBXProject "RainCat" */;
			compatibilityVersion = "Xcode 13.0";
			developmentRegion = en;
			hasScannedForEncodings = 0;
			knownRegions = (
				en,
				Base,
			);
			mainGroup = A44E8F7F27D1B2340053AC57;
			packageReferences = (
				A44E8FA227D1BA6A0053AC57 /* XCRemoteSwiftPackageReference "Then" */,
			);
			productRefGroup = A44E8F8927D1B2340053AC57 /* Products */;
			projectDirPath = "";
			projectRoot = "";
			targets = (
				A44E8F8727D1B2340053AC57 /* RainCat */,
			);
		};
/* End PBXProject section */

/* Begin PBXResourcesBuildPhase section */
		A44E8F8627D1B2340053AC57 /* Resources */ = {
			isa = PBXResourcesBuildPhase;
			buildActionMask = 2147483647;
			files = (
				A44E8F9727D1B2340053AC57 /* Main.storyboard in Resources */,
				A44E8F9927D1B2350053AC57 /* Assets.xcassets in Resources */,
				A44E8F9C27D1B2350053AC57 /* LaunchScreen.storyboard in Resources */,
			);
			runOnlyForDeploymentPostprocessing = 0;
		};
/* End PBXResourcesBuildPhase section */

/* Begin PBXSourcesBuildPhase section */
		A44E8F8427D1B2340053AC57 /* Sources */ = {
			isa = PBXSourcesBuildPhase;
			buildActionMask = 2147483647;
			files = (
				A44E8FAA27D350160053AC57 /* Constants.swift in Sources */,
				A44E8F9227D1B2340053AC57 /* GameScene.swift in Sources */,
				A44E8F9427D1B2340053AC57 /* GameViewController.swift in Sources */,
				A44E8FAE27D3936A0053AC57 /* FoodSprite.swift in Sources */,
				A44E8FAC27D36DF90053AC57 /* CatSprite.swift in Sources */,
				A44E8FA827D320280053AC57 /* UmbrellaSprite.swift in Sources */,
				A44E8F8C27D1B2340053AC57 /* AppDelegate.swift in Sources */,
			);
			runOnlyForDeploymentPostprocessing = 0;
		};
/* End PBXSourcesBuildPhase section */

/* Begin PBXVariantGroup section */
		A44E8F9527D1B2340053AC57 /* Main.storyboard */ = {
			isa = PBXVariantGroup;
			children = (
				A44E8F9627D1B2340053AC57 /* Base */,
			);
			name = Main.storyboard;
			sourceTree = "<group>";
		};
		A44E8F9A27D1B2350053AC57 /* LaunchScreen.storyboard */ = {
			isa = PBXVariantGroup;
			children = (
				A44E8F9B27D1B2350053AC57 /* Base */,
			);
			name = LaunchScreen.storyboard;
			sourceTree = "<group>";
		};
/* End PBXVariantGroup section */

/* Begin XCBuildConfiguration section */
		A44E8F9D27D1B2350053AC57 /* Debug */ = {
			isa = XCBuildConfiguration;
			buildSettings = {
				ALWAYS_SEARCH_USER_PATHS = NO;
				CLANG_ANALYZER_NONNULL = YES;
				CLANG_ANALYZER_NUMBER_OBJECT_CONVERSION = YES_AGGRESSIVE;
				CLANG_CXX_LANGUAGE_STANDARD = "gnu++17";
				CLANG_CXX_LIBRARY = "libc++";
				CLANG_ENABLE_MODULES = YES;
				CLANG_ENABLE_OBJC_ARC = YES;
				CLANG_ENABLE_OBJC_WEAK = YES;
				CLANG_WARN_BLOCK_CAPTURE_AUTORELEASING = YES;
				CLANG_WARN_BOOL_CONVERSION = YES;
				CLANG_WARN_COMMA = YES;
				CLANG_WARN_CONSTANT_CONVERSION = YES;
				CLANG_WARN_DEPRECATED_OBJC_IMPLEMENTATIONS = YES;
				CLANG_WARN_DIRECT_OBJC_ISA_USAGE = YES_ERROR;
				CLANG_WARN_DOCUMENTATION_COMMENTS = YES;
				CLANG_WARN_EMPTY_BODY = YES;
				CLANG_WARN_ENUM_CONVERSION = YES;
				CLANG_WARN_INFINITE_RECURSION = YES;
				CLANG_WARN_INT_CONVERSION = YES;
				CLANG_WARN_NON_LITERAL_NULL_CONVERSION = YES;
				CLANG_WARN_OBJC_IMPLICIT_RETAIN_SELF = YES;
				CLANG_WARN_OBJC_LITERAL_CONVERSION = YES;
				CLANG_WARN_OBJC_ROOT_CLASS = YES_ERROR;
				CLANG_WARN_QUOTED_INCLUDE_IN_FRAMEWORK_HEADER = YES;
				CLANG_WARN_RANGE_LOOP_ANALYSIS = YES;
				CLANG_WARN_STRICT_PROTOTYPES = YES;
				CLANG_WARN_SUSPICIOUS_MOVE = YES;
				CLANG_WARN_UNGUARDED_AVAILABILITY = YES_AGGRESSIVE;
				CLANG_WARN_UNREACHABLE_CODE = YES;
				CLANG_WARN__DUPLICATE_METHOD_MATCH = YES;
				COPY_PHASE_STRIP = NO;
				DEBUG_INFORMATION_FORMAT = dwarf;
				ENABLE_STRICT_OBJC_MSGSEND = YES;
				ENABLE_TESTABILITY = YES;
				GCC_C_LANGUAGE_STANDARD = gnu11;
				GCC_DYNAMIC_NO_PIC = NO;
				GCC_NO_COMMON_BLOCKS = YES;
				GCC_OPTIMIZATION_LEVEL = 0;
				GCC_PREPROCESSOR_DEFINITIONS = (
					"DEBUG=1",
					"$(inherited)",
				);
				GCC_WARN_64_TO_32_BIT_CONVERSION = YES;
				GCC_WARN_ABOUT_RETURN_TYPE = YES_ERROR;
				GCC_WARN_UNDECLARED_SELECTOR = YES;
				GCC_WARN_UNINITIALIZED_AUTOS = YES_AGGRESSIVE;
				GCC_WARN_UNUSED_FUNCTION = YES;
				GCC_WARN_UNUSED_VARIABLE = YES;
				IPHONEOS_DEPLOYMENT_TARGET = 15.0;
				MTL_ENABLE_DEBUG_INFO = INCLUDE_SOURCE;
				MTL_FAST_MATH = YES;
				ONLY_ACTIVE_ARCH = YES;
				SDKROOT = iphoneos;
				SWIFT_ACTIVE_COMPILATION_CONDITIONS = DEBUG;
				SWIFT_OPTIMIZATION_LEVEL = "-Onone";
			};
			name = Debug;
		};
		A44E8F9E27D1B2350053AC57 /* Release */ = {
			isa = XCBuildConfiguration;
			buildSettings = {
				ALWAYS_SEARCH_USER_PATHS = NO;
				CLANG_ANALYZER_NONNULL = YES;
				CLANG_ANALYZER_NUMBER_OBJECT_CONVERSION = YES_AGGRESSIVE;
				CLANG_CXX_LANGUAGE_STANDARD = "gnu++17";
				CLANG_CXX_LIBRARY = "libc++";
				CLANG_ENABLE_MODULES = YES;
				CLANG_ENABLE_OBJC_ARC = YES;
				CLANG_ENABLE_OBJC_WEAK = YES;
				CLANG_WARN_BLOCK_CAPTURE_AUTORELEASING = YES;
				CLANG_WARN_BOOL_CONVERSION = YES;
				CLANG_WARN_COMMA = YES;
				CLANG_WARN_CONSTANT_CONVERSION = YES;
				CLANG_WARN_DEPRECATED_OBJC_IMPLEMENTATIONS = YES;
				CLANG_WARN_DIRECT_OBJC_ISA_USAGE = YES_ERROR;
				CLANG_WARN_DOCUMENTATION_COMMENTS = YES;
				CLANG_WARN_EMPTY_BODY = YES;
				CLANG_WARN_ENUM_CONVERSION = YES;
				CLANG_WARN_INFINITE_RECURSION = YES;
				CLANG_WARN_INT_CONVERSION = YES;
				CLANG_WARN_NON_LITERAL_NULL_CONVERSION = YES;
				CLANG_WARN_OBJC_IMPLICIT_RETAIN_SELF = YES;
				CLANG_WARN_OBJC_LITERAL_CONVERSION = YES;
				CLANG_WARN_OBJC_ROOT_CLASS = YES_ERROR;
				CLANG_WARN_QUOTED_INCLUDE_IN_FRAMEWORK_HEADER = YES;
				CLANG_WARN_RANGE_LOOP_ANALYSIS = YES;
				CLANG_WARN_STRICT_PROTOTYPES = YES;
				CLANG_WARN_SUSPICIOUS_MOVE = YES;
				CLANG_WARN_UNGUARDED_AVAILABILITY = YES_AGGRESSIVE;
				CLANG_WARN_UNREACHABLE_CODE = YES;
				CLANG_WARN__DUPLICATE_METHOD_MATCH = YES;
				COPY_PHASE_STRIP = NO;
				DEBUG_INFORMATION_FORMAT = "dwarf-with-dsym";
				ENABLE_NS_ASSERTIONS = NO;
				ENABLE_STRICT_OBJC_MSGSEND = YES;
				GCC_C_LANGUAGE_STANDARD = gnu11;
				GCC_NO_COMMON_BLOCKS = YES;
				GCC_WARN_64_TO_32_BIT_CONVERSION = YES;
				GCC_WARN_ABOUT_RETURN_TYPE = YES_ERROR;
				GCC_WARN_UNDECLARED_SELECTOR = YES;
				GCC_WARN_UNINITIALIZED_AUTOS = YES_AGGRESSIVE;
				GCC_WARN_UNUSED_FUNCTION = YES;
				GCC_WARN_UNUSED_VARIABLE = YES;
				IPHONEOS_DEPLOYMENT_TARGET = 15.0;
				MTL_ENABLE_DEBUG_INFO = NO;
				MTL_FAST_MATH = YES;
				SDKROOT = iphoneos;
				SWIFT_COMPILATION_MODE = wholemodule;
				SWIFT_OPTIMIZATION_LEVEL = "-O";
				VALIDATE_PRODUCT = YES;
			};
			name = Release;
		};
		A44E8FA027D1B2350053AC57 /* Debug */ = {
			isa = XCBuildConfiguration;
			buildSettings = {
				ASSETCATALOG_COMPILER_APPICON_NAME = AppIcon;
				ASSETCATALOG_COMPILER_GLOBAL_ACCENT_COLOR_NAME = AccentColor;
				CODE_SIGN_STYLE = Automatic;
				CURRENT_PROJECT_VERSION = 1;
				DEVELOPMENT_TEAM = WA6PY6NL25;
				GENERATE_INFOPLIST_FILE = YES;
				INFOPLIST_KEY_UIApplicationSupportsIndirectInputEvents = YES;
				INFOPLIST_KEY_UILaunchStoryboardName = LaunchScreen;
				INFOPLIST_KEY_UIMainStoryboardFile = Main;
				INFOPLIST_KEY_UIStatusBarHidden = YES;
				INFOPLIST_KEY_UISupportedInterfaceOrientations = "UIInterfaceOrientationLandscapeLeft UIInterfaceOrientationLandscapeRight";
				INFOPLIST_KEY_UISupportedInterfaceOrientations_iPad = "UIInterfaceOrientationPortrait UIInterfaceOrientationPortraitUpsideDown UIInterfaceOrientationLandscapeLeft UIInterfaceOrientationLandscapeRight";
				INFOPLIST_KEY_UISupportedInterfaceOrientations_iPhone = "UIInterfaceOrientationPortrait UIInterfaceOrientationLandscapeLeft UIInterfaceOrientationLandscapeRight";
				LD_RUNPATH_SEARCH_PATHS = (
					"$(inherited)",
					"@executable_path/Frameworks",
				);
				MARKETING_VERSION = 1.0;
				PRODUCT_BUNDLE_IDENTIFIER = io.github.skkimeo.RainCat;
				PRODUCT_NAME = "$(TARGET_NAME)";
				SWIFT_EMIT_LOC_STRINGS = YES;
				SWIFT_VERSION = 5.0;
				TARGETED_DEVICE_FAMILY = "1,2";
			};
			name = Debug;
		};
		A44E8FA127D1B2350053AC57 /* Release */ = {
			isa = XCBuildConfiguration;
			buildSettings = {
				ASSETCATALOG_COMPILER_APPICON_NAME = AppIcon;
				ASSETCATALOG_COMPILER_GLOBAL_ACCENT_COLOR_NAME = AccentColor;
				CODE_SIGN_STYLE = Automatic;
				CURRENT_PROJECT_VERSION = 1;
				DEVELOPMENT_TEAM = WA6PY6NL25;
				GENERATE_INFOPLIST_FILE = YES;
				INFOPLIST_KEY_UIApplicationSupportsIndirectInputEvents = YES;
				INFOPLIST_KEY_UILaunchStoryboardName = LaunchScreen;
				INFOPLIST_KEY_UIMainStoryboardFile = Main;
				INFOPLIST_KEY_UIStatusBarHidden = YES;
				INFOPLIST_KEY_UISupportedInterfaceOrientations = "UIInterfaceOrientationLandscapeLeft UIInterfaceOrientationLandscapeRight";
				INFOPLIST_KEY_UISupportedInterfaceOrientations_iPad = "UIInterfaceOrientationPortrait UIInterfaceOrientationPortraitUpsideDown UIInterfaceOrientationLandscapeLeft UIInterfaceOrientationLandscapeRight";
				INFOPLIST_KEY_UISupportedInterfaceOrientations_iPhone = "UIInterfaceOrientationPortrait UIInterfaceOrientationLandscapeLeft UIInterfaceOrientationLandscapeRight";
				LD_RUNPATH_SEARCH_PATHS = (
					"$(inherited)",
					"@executable_path/Frameworks",
				);
				MARKETING_VERSION = 1.0;
				PRODUCT_BUNDLE_IDENTIFIER = io.github.skkimeo.RainCat;
				PRODUCT_NAME = "$(TARGET_NAME)";
				SWIFT_EMIT_LOC_STRINGS = YES;
				SWIFT_VERSION = 5.0;
				TARGETED_DEVICE_FAMILY = "1,2";
			};
			name = Release;
		};
/* End XCBuildConfiguration section */

/* Begin XCConfigurationList section */
		A44E8F8327D1B2340053AC57 /* Build configuration list for PBXProject "RainCat" */ = {
			isa = XCConfigurationList;
			buildConfigurations = (
				A44E8F9D27D1B2350053AC57 /* Debug */,
				A44E8F9E27D1B2350053AC57 /* Release */,
			);
			defaultConfigurationIsVisible = 0;
			defaultConfigurationName = Release;
		};
		A44E8F9F27D1B2350053AC57 /* Build configuration list for PBXNativeTarget "RainCat" */ = {
			isa = XCConfigurationList;
			buildConfigurations = (
				A44E8FA027D1B2350053AC57 /* Debug */,
				A44E8FA127D1B2350053AC57 /* Release */,
			);
			defaultConfigurationIsVisible = 0;
			defaultConfigurationName = Release;
		};
/* End XCConfigurationList section */

/* Begin XCRemoteSwiftPackageReference section */
		A44E8FA227D1BA6A0053AC57 /* XCRemoteSwiftPackageReference "Then" */ = {
			isa = XCRemoteSwiftPackageReference;
			repositoryURL = "https://github.com/devxoul/Then";
			requirement = {
				kind = upToNextMajorVersion;
				minimumVersion = 2.0.0;
			};
		};
/* End XCRemoteSwiftPackageReference section */

/* Begin XCSwiftPackageProductDependency section */
		A44E8FA327D1BA6A0053AC57 /* Then */ = {
			isa = XCSwiftPackageProductDependency;
			package = A44E8FA227D1BA6A0053AC57 /* XCRemoteSwiftPackageReference "Then" */;
			productName = Then;
		};
/* End XCSwiftPackageProductDependency section */
	};
	rootObject = A44E8F8027D1B2340053AC57 /* Project object */;
}
