// !$*UTF8*$!
{
	archiveVersion = 1;
	classes = {
	};
	objectVersion = 55;
	objects = {

/* Begin PBXBuildFile section */
		A4A8538028D5DD6400DD2FAB /* AppDelegate.swift in Sources */ = {isa = PBXBuildFile; fileRef = A4A8537F28D5DD6400DD2FAB /* AppDelegate.swift */; };
		A4A8538228D5DD6400DD2FAB /* SceneDelegate.swift in Sources */ = {isa = PBXBuildFile; fileRef = A4A8538128D5DD6400DD2FAB /* SceneDelegate.swift */; };
		A4A8538428D5DD6400DD2FAB /* PhotoViewController.swift in Sources */ = {isa = PBXBuildFile; fileRef = A4A8538328D5DD6400DD2FAB /* PhotoViewController.swift */; };
		A4A8538728D5DD6400DD2FAB /* Main.storyboard in Resources */ = {isa = PBXBuildFile; fileRef = A4A8538528D5DD6400DD2FAB /* Main.storyboard */; };
		A4A8538928D5DD6500DD2FAB /* Assets.xcassets in Resources */ = {isa = PBXBuildFile; fileRef = A4A8538828D5DD6500DD2FAB /* Assets.xcassets */; };
		A4A8538C28D5DD6500DD2FAB /* LaunchScreen.storyboard in Resources */ = {isa = PBXBuildFile; fileRef = A4A8538A28D5DD6500DD2FAB /* LaunchScreen.storyboard */; };
		A4A8539528D5E0B300DD2FAB /* Then in Frameworks */ = {isa = PBXBuildFile; productRef = A4A8539428D5E0B300DD2FAB /* Then */; };
		A4A8539928D610E700DD2FAB /* PhotoViewController+UIImagePicker.swift in Sources */ = {isa = PBXBuildFile; fileRef = A4A8539828D610E700DD2FAB /* PhotoViewController+UIImagePicker.swift */; };
/* End PBXBuildFile section */

/* Begin PBXFileReference section */
		A4A8537C28D5DD6400DD2FAB /* PictureFeaturePractice.app */ = {isa = PBXFileReference; explicitFileType = wrapper.application; includeInIndex = 0; path = PictureFeaturePractice.app; sourceTree = BUILT_PRODUCTS_DIR; };
		A4A8537F28D5DD6400DD2FAB /* AppDelegate.swift */ = {isa = PBXFileReference; lastKnownFileType = sourcecode.swift; path = AppDelegate.swift; sourceTree = "<group>"; };
		A4A8538128D5DD6400DD2FAB /* SceneDelegate.swift */ = {isa = PBXFileReference; lastKnownFileType = sourcecode.swift; path = SceneDelegate.swift; sourceTree = "<group>"; };
		A4A8538328D5DD6400DD2FAB /* PhotoViewController.swift */ = {isa = PBXFileReference; lastKnownFileType = sourcecode.swift; path = PhotoViewController.swift; sourceTree = "<group>"; };
		A4A8538628D5DD6400DD2FAB /* Base */ = {isa = PBXFileReference; lastKnownFileType = file.storyboard; name = Base; path = Base.lproj/Main.storyboard; sourceTree = "<group>"; };
		A4A8538828D5DD6500DD2FAB /* Assets.xcassets */ = {isa = PBXFileReference; lastKnownFileType = folder.assetcatalog; path = Assets.xcassets; sourceTree = "<group>"; };
		A4A8538B28D5DD6500DD2FAB /* Base */ = {isa = PBXFileReference; lastKnownFileType = file.storyboard; name = Base; path = Base.lproj/LaunchScreen.storyboard; sourceTree = "<group>"; };
		A4A8538D28D5DD6500DD2FAB /* Info.plist */ = {isa = PBXFileReference; lastKnownFileType = text.plist.xml; path = Info.plist; sourceTree = "<group>"; };
		A4A8539828D610E700DD2FAB /* PhotoViewController+UIImagePicker.swift */ = {isa = PBXFileReference; lastKnownFileType = sourcecode.swift; path = "PhotoViewController+UIImagePicker.swift"; sourceTree = "<group>"; };
/* End PBXFileReference section */

/* Begin PBXFrameworksBuildPhase section */
		A4A8537928D5DD6400DD2FAB /* Frameworks */ = {
			isa = PBXFrameworksBuildPhase;
			buildActionMask = 2147483647;
			files = (
				A4A8539528D5E0B300DD2FAB /* Then in Frameworks */,
			);
			runOnlyForDeploymentPostprocessing = 0;
		};
/* End PBXFrameworksBuildPhase section */

/* Begin PBXGroup section */
		A4A8537328D5DD6300DD2FAB = {
			isa = PBXGroup;
			children = (
				A4A8537E28D5DD6400DD2FAB /* PictureFeaturePractice */,
				A4A8537D28D5DD6400DD2FAB /* Products */,
			);
			sourceTree = "<group>";
		};
		A4A8537D28D5DD6400DD2FAB /* Products */ = {
			isa = PBXGroup;
			children = (
				A4A8537C28D5DD6400DD2FAB /* PictureFeaturePractice.app */,
			);
			name = Products;
			sourceTree = "<group>";
		};
		A4A8537E28D5DD6400DD2FAB /* PictureFeaturePractice */ = {
			isa = PBXGroup;
			children = (
				A4A8537F28D5DD6400DD2FAB /* AppDelegate.swift */,
				A4A8538128D5DD6400DD2FAB /* SceneDelegate.swift */,
				A4A8538328D5DD6400DD2FAB /* PhotoViewController.swift */,
				A4A8539828D610E700DD2FAB /* PhotoViewController+UIImagePicker.swift */,
				A4A8538528D5DD6400DD2FAB /* Main.storyboard */,
				A4A8538828D5DD6500DD2FAB /* Assets.xcassets */,
				A4A8538A28D5DD6500DD2FAB /* LaunchScreen.storyboard */,
				A4A8538D28D5DD6500DD2FAB /* Info.plist */,
			);
			path = PictureFeaturePractice;
			sourceTree = "<group>";
		};
/* End PBXGroup section */

/* Begin PBXNativeTarget section */
		A4A8537B28D5DD6400DD2FAB /* PictureFeaturePractice */ = {
			isa = PBXNativeTarget;
			buildConfigurationList = A4A8539028D5DD6500DD2FAB /* Build configuration list for PBXNativeTarget "PictureFeaturePractice" */;
			buildPhases = (
				A4A8537828D5DD6400DD2FAB /* Sources */,
				A4A8537928D5DD6400DD2FAB /* Frameworks */,
				A4A8537A28D5DD6400DD2FAB /* Resources */,
			);
			buildRules = (
			);
			dependencies = (
			);
			name = PictureFeaturePractice;
			packageProductDependencies = (
				A4A8539428D5E0B300DD2FAB /* Then */,
			);
			productName = PictureFeaturePractice;
			productReference = A4A8537C28D5DD6400DD2FAB /* PictureFeaturePractice.app */;
			productType = "com.apple.product-type.application";
		};
/* End PBXNativeTarget section */

/* Begin PBXProject section */
		A4A8537428D5DD6300DD2FAB /* Project object */ = {
			isa = PBXProject;
			attributes = {
				BuildIndependentTargetsInParallel = 1;
				LastSwiftUpdateCheck = 1300;
				LastUpgradeCheck = 1300;
				TargetAttributes = {
					A4A8537B28D5DD6400DD2FAB = {
						CreatedOnToolsVersion = 13.0;
					};
				};
			};
			buildConfigurationList = A4A8537728D5DD6300DD2FAB /* Build configuration list for PBXProject "PictureFeaturePractice" */;
			compatibilityVersion = "Xcode 13.0";
			developmentRegion = en;
			hasScannedForEncodings = 0;
			knownRegions = (
				en,
				Base,
			);
			mainGroup = A4A8537328D5DD6300DD2FAB;
			packageReferences = (
				A4A8539328D5E0B300DD2FAB /* XCRemoteSwiftPackageReference "Then" */,
			);
			productRefGroup = A4A8537D28D5DD6400DD2FAB /* Products */;
			projectDirPath = "";
			projectRoot = "";
			targets = (
				A4A8537B28D5DD6400DD2FAB /* PictureFeaturePractice */,
			);
		};
/* End PBXProject section */

/* Begin PBXResourcesBuildPhase section */
		A4A8537A28D5DD6400DD2FAB /* Resources */ = {
			isa = PBXResourcesBuildPhase;
			buildActionMask = 2147483647;
			files = (
				A4A8538C28D5DD6500DD2FAB /* LaunchScreen.storyboard in Resources */,
				A4A8538928D5DD6500DD2FAB /* Assets.xcassets in Resources */,
				A4A8538728D5DD6400DD2FAB /* Main.storyboard in Resources */,
			);
			runOnlyForDeploymentPostprocessing = 0;
		};
/* End PBXResourcesBuildPhase section */

/* Begin PBXSourcesBuildPhase section */
		A4A8537828D5DD6400DD2FAB /* Sources */ = {
			isa = PBXSourcesBuildPhase;
			buildActionMask = 2147483647;
			files = (
				A4A8539928D610E700DD2FAB /* PhotoViewController+UIImagePicker.swift in Sources */,
				A4A8538428D5DD6400DD2FAB /* PhotoViewController.swift in Sources */,
				A4A8538028D5DD6400DD2FAB /* AppDelegate.swift in Sources */,
				A4A8538228D5DD6400DD2FAB /* SceneDelegate.swift in Sources */,
			);
			runOnlyForDeploymentPostprocessing = 0;
		};
/* End PBXSourcesBuildPhase section */

/* Begin PBXVariantGroup section */
		A4A8538528D5DD6400DD2FAB /* Main.storyboard */ = {
			isa = PBXVariantGroup;
			children = (
				A4A8538628D5DD6400DD2FAB /* Base */,
			);
			name = Main.storyboard;
			sourceTree = "<group>";
		};
		A4A8538A28D5DD6500DD2FAB /* LaunchScreen.storyboard */ = {
			isa = PBXVariantGroup;
			children = (
				A4A8538B28D5DD6500DD2FAB /* Base */,
			);
			name = LaunchScreen.storyboard;
			sourceTree = "<group>";
		};
/* End PBXVariantGroup section */

/* Begin XCBuildConfiguration section */
		A4A8538E28D5DD6500DD2FAB /* Debug */ = {
			isa = XCBuildConfiguration;
			buildSettings = {
				ALWAYS_SEARCH_USER_PATHS = NO;
				CLANG_ANALYZER_NONNULL = YES;
				CLANG_ANALYZER_NUMBER_OBJECT_CONVERSION = YES_AGGRESSIVE;
				CLANG_CXX_LANGUAGE_STANDARD = "gnu++17";
				CLANG_CXX_LIBRARY = "libc++";
				CLANG_ENABLE_MODULES = YES;
				CLANG_ENABLE_OBJC_ARC = YES;
				CLANG_ENABLE_OBJC_WEAK = YES;
				CLANG_WARN_BLOCK_CAPTURE_AUTORELEASING = YES;
				CLANG_WARN_BOOL_CONVERSION = YES;
				CLANG_WARN_COMMA = YES;
				CLANG_WARN_CONSTANT_CONVERSION = YES;
				CLANG_WARN_DEPRECATED_OBJC_IMPLEMENTATIONS = YES;
				CLANG_WARN_DIRECT_OBJC_ISA_USAGE = YES_ERROR;
				CLANG_WARN_DOCUMENTATION_COMMENTS = YES;
				CLANG_WARN_EMPTY_BODY = YES;
				CLANG_WARN_ENUM_CONVERSION = YES;
				CLANG_WARN_INFINITE_RECURSION = YES;
				CLANG_WARN_INT_CONVERSION = YES;
				CLANG_WARN_NON_LITERAL_NULL_CONVERSION = YES;
				CLANG_WARN_OBJC_IMPLICIT_RETAIN_SELF = YES;
				CLANG_WARN_OBJC_LITERAL_CONVERSION = YES;
				CLANG_WARN_OBJC_ROOT_CLASS = YES_ERROR;
				CLANG_WARN_QUOTED_INCLUDE_IN_FRAMEWORK_HEADER = YES;
				CLANG_WARN_RANGE_LOOP_ANALYSIS = YES;
				CLANG_WARN_STRICT_PROTOTYPES = YES;
				CLANG_WARN_SUSPICIOUS_MOVE = YES;
				CLANG_WARN_UNGUARDED_AVAILABILITY = YES_AGGRESSIVE;
				CLANG_WARN_UNREACHABLE_CODE = YES;
				CLANG_WARN__DUPLICATE_METHOD_MATCH = YES;
				COPY_PHASE_STRIP = NO;
				DEBUG_INFORMATION_FORMAT = dwarf;
				ENABLE_STRICT_OBJC_MSGSEND = YES;
				ENABLE_TESTABILITY = YES;
				GCC_C_LANGUAGE_STANDARD = gnu11;
				GCC_DYNAMIC_NO_PIC = NO;
				GCC_NO_COMMON_BLOCKS = YES;
				GCC_OPTIMIZATION_LEVEL = 0;
				GCC_PREPROCESSOR_DEFINITIONS = (
					"DEBUG=1",
					"$(inherited)",
				);
				GCC_WARN_64_TO_32_BIT_CONVERSION = YES;
				GCC_WARN_ABOUT_RETURN_TYPE = YES_ERROR;
				GCC_WARN_UNDECLARED_SELECTOR = YES;
				GCC_WARN_UNINITIALIZED_AUTOS = YES_AGGRESSIVE;
				GCC_WARN_UNUSED_FUNCTION = YES;
				GCC_WARN_UNUSED_VARIABLE = YES;
				IPHONEOS_DEPLOYMENT_TARGET = 15.0;
				MTL_ENABLE_DEBUG_INFO = INCLUDE_SOURCE;
				MTL_FAST_MATH = YES;
				ONLY_ACTIVE_ARCH = YES;
				SDKROOT = iphoneos;
				SWIFT_ACTIVE_COMPILATION_CONDITIONS = DEBUG;
				SWIFT_OPTIMIZATION_LEVEL = "-Onone";
			};
			name = Debug;
		};
		A4A8538F28D5DD6500DD2FAB /* Release */ = {
			isa = XCBuildConfiguration;
			buildSettings = {
				ALWAYS_SEARCH_USER_PATHS = NO;
				CLANG_ANALYZER_NONNULL = YES;
				CLANG_ANALYZER_NUMBER_OBJECT_CONVERSION = YES_AGGRESSIVE;
				CLANG_CXX_LANGUAGE_STANDARD = "gnu++17";
				CLANG_CXX_LIBRARY = "libc++";
				CLANG_ENABLE_MODULES = YES;
				CLANG_ENABLE_OBJC_ARC = YES;
				CLANG_ENABLE_OBJC_WEAK = YES;
				CLANG_WARN_BLOCK_CAPTURE_AUTORELEASING = YES;
				CLANG_WARN_BOOL_CONVERSION = YES;
				CLANG_WARN_COMMA = YES;
				CLANG_WARN_CONSTANT_CONVERSION = YES;
				CLANG_WARN_DEPRECATED_OBJC_IMPLEMENTATIONS = YES;
				CLANG_WARN_DIRECT_OBJC_ISA_USAGE = YES_ERROR;
				CLANG_WARN_DOCUMENTATION_COMMENTS = YES;
				CLANG_WARN_EMPTY_BODY = YES;
				CLANG_WARN_ENUM_CONVERSION = YES;
				CLANG_WARN_INFINITE_RECURSION = YES;
				CLANG_WARN_INT_CONVERSION = YES;
				CLANG_WARN_NON_LITERAL_NULL_CONVERSION = YES;
				CLANG_WARN_OBJC_IMPLICIT_RETAIN_SELF = YES;
				CLANG_WARN_OBJC_LITERAL_CONVERSION = YES;
				CLANG_WARN_OBJC_ROOT_CLASS = YES_ERROR;
				CLANG_WARN_QUOTED_INCLUDE_IN_FRAMEWORK_HEADER = YES;
				CLANG_WARN_RANGE_LOOP_ANALYSIS = YES;
				CLANG_WARN_STRICT_PROTOTYPES = YES;
				CLANG_WARN_SUSPICIOUS_MOVE = YES;
				CLANG_WARN_UNGUARDED_AVAILABILITY = YES_AGGRESSIVE;
				CLANG_WARN_UNREACHABLE_CODE = YES;
				CLANG_WARN__DUPLICATE_METHOD_MATCH = YES;
				COPY_PHASE_STRIP = NO;
				DEBUG_INFORMATION_FORMAT = "dwarf-with-dsym";
				ENABLE_NS_ASSERTIONS = NO;
				ENABLE_STRICT_OBJC_MSGSEND = YES;
				GCC_C_LANGUAGE_STANDARD = gnu11;
				GCC_NO_COMMON_BLOCKS = YES;
				GCC_WARN_64_TO_32_BIT_CONVERSION = YES;
				GCC_WARN_ABOUT_RETURN_TYPE = YES_ERROR;
				GCC_WARN_UNDECLARED_SELECTOR = YES;
				GCC_WARN_UNINITIALIZED_AUTOS = YES_AGGRESSIVE;
				GCC_WARN_UNUSED_FUNCTION = YES;
				GCC_WARN_UNUSED_VARIABLE = YES;
				IPHONEOS_DEPLOYMENT_TARGET = 15.0;
				MTL_ENABLE_DEBUG_INFO = NO;
				MTL_FAST_MATH = YES;
				SDKROOT = iphoneos;
				SWIFT_COMPILATION_MODE = wholemodule;
				SWIFT_OPTIMIZATION_LEVEL = "-O";
				VALIDATE_PRODUCT = YES;
			};
			name = Release;
		};
		A4A8539128D5DD6500DD2FAB /* Debug */ = {
			isa = XCBuildConfiguration;
			buildSettings = {
				ASSETCATALOG_COMPILER_APPICON_NAME = AppIcon;
				ASSETCATALOG_COMPILER_GLOBAL_ACCENT_COLOR_NAME = AccentColor;
				CODE_SIGN_STYLE = Automatic;
				CURRENT_PROJECT_VERSION = 1;
				DEVELOPMENT_TEAM = WA6PY6NL25;
				GENERATE_INFOPLIST_FILE = YES;
				INFOPLIST_FILE = PictureFeaturePractice/Info.plist;
				INFOPLIST_KEY_UIApplicationSupportsIndirectInputEvents = YES;
				INFOPLIST_KEY_UILaunchStoryboardName = LaunchScreen;
				INFOPLIST_KEY_UIMainStoryboardFile = Main;
				INFOPLIST_KEY_UISupportedInterfaceOrientations_iPad = "UIInterfaceOrientationPortrait UIInterfaceOrientationPortraitUpsideDown UIInterfaceOrientationLandscapeLeft UIInterfaceOrientationLandscapeRight";
				INFOPLIST_KEY_UISupportedInterfaceOrientations_iPhone = "UIInterfaceOrientationPortrait UIInterfaceOrientationLandscapeLeft UIInterfaceOrientationLandscapeRight";
				LD_RUNPATH_SEARCH_PATHS = (
					"$(inherited)",
					"@executable_path/Frameworks",
				);
				MARKETING_VERSION = 1.0;
				PRODUCT_BUNDLE_IDENTIFIER = io.github.skkimeo.PictureFeaturePractice;
				PRODUCT_NAME = "$(TARGET_NAME)";
				SWIFT_EMIT_LOC_STRINGS = YES;
				SWIFT_VERSION = 5.0;
				TARGETED_DEVICE_FAMILY = "1,2";
			};
			name = Debug;
		};
		A4A8539228D5DD6500DD2FAB /* Release */ = {
			isa = XCBuildConfiguration;
			buildSettings = {
				ASSETCATALOG_COMPILER_APPICON_NAME = AppIcon;
				ASSETCATALOG_COMPILER_GLOBAL_ACCENT_COLOR_NAME = AccentColor;
				CODE_SIGN_STYLE = Automatic;
				CURRENT_PROJECT_VERSION = 1;
				DEVELOPMENT_TEAM = WA6PY6NL25;
				GENERATE_INFOPLIST_FILE = YES;
				INFOPLIST_FILE = PictureFeaturePractice/Info.plist;
				INFOPLIST_KEY_UIApplicationSupportsIndirectInputEvents = YES;
				INFOPLIST_KEY_UILaunchStoryboardName = LaunchScreen;
				INFOPLIST_KEY_UIMainStoryboardFile = Main;
				INFOPLIST_KEY_UISupportedInterfaceOrientations_iPad = "UIInterfaceOrientationPortrait UIInterfaceOrientationPortraitUpsideDown UIInterfaceOrientationLandscapeLeft UIInterfaceOrientationLandscapeRight";
				INFOPLIST_KEY_UISupportedInterfaceOrientations_iPhone = "UIInterfaceOrientationPortrait UIInterfaceOrientationLandscapeLeft UIInterfaceOrientationLandscapeRight";
				LD_RUNPATH_SEARCH_PATHS = (
					"$(inherited)",
					"@executable_path/Frameworks",
				);
				MARKETING_VERSION = 1.0;
				PRODUCT_BUNDLE_IDENTIFIER = io.github.skkimeo.PictureFeaturePractice;
				PRODUCT_NAME = "$(TARGET_NAME)";
				SWIFT_EMIT_LOC_STRINGS = YES;
				SWIFT_VERSION = 5.0;
				TARGETED_DEVICE_FAMILY = "1,2";
			};
			name = Release;
		};
/* End XCBuildConfiguration section */

/* Begin XCConfigurationList section */
		A4A8537728D5DD6300DD2FAB /* Build configuration list for PBXProject "PictureFeaturePractice" */ = {
			isa = XCConfigurationList;
			buildConfigurations = (
				A4A8538E28D5DD6500DD2FAB /* Debug */,
				A4A8538F28D5DD6500DD2FAB /* Release */,
			);
			defaultConfigurationIsVisible = 0;
			defaultConfigurationName = Release;
		};
		A4A8539028D5DD6500DD2FAB /* Build configuration list for PBXNativeTarget "PictureFeaturePractice" */ = {
			isa = XCConfigurationList;
			buildConfigurations = (
				A4A8539128D5DD6500DD2FAB /* Debug */,
				A4A8539228D5DD6500DD2FAB /* Release */,
			);
			defaultConfigurationIsVisible = 0;
			defaultConfigurationName = Release;
		};
/* End XCConfigurationList section */

/* Begin XCRemoteSwiftPackageReference section */
		A4A8539328D5E0B300DD2FAB /* XCRemoteSwiftPackageReference "Then" */ = {
			isa = XCRemoteSwiftPackageReference;
			repositoryURL = "https://github.com/devxoul/Then";
			requirement = {
				branch = master;
				kind = branch;
			};
		};
/* End XCRemoteSwiftPackageReference section */

/* Begin XCSwiftPackageProductDependency section */
		A4A8539428D5E0B300DD2FAB /* Then */ = {
			isa = XCSwiftPackageProductDependency;
			package = A4A8539328D5E0B300DD2FAB /* XCRemoteSwiftPackageReference "Then" */;
			productName = Then;
		};
/* End XCSwiftPackageProductDependency section */
	};
	rootObject = A4A8537428D5DD6300DD2FAB /* Project object */;
}
