// !$*UTF8*$!
{
	archiveVersion = 1;
	classes = {
	};
	objectVersion = 55;
	objects = {

/* Begin PBXBuildFile section */
		A425F81B27EB711500A005AB /* AppDelegate.swift in Sources */ = {isa = PBXBuildFile; fileRef = A425F81A27EB711500A005AB /* AppDelegate.swift */; };
		A425F81D27EB711500A005AB /* SceneDelegate.swift in Sources */ = {isa = PBXBuildFile; fileRef = A425F81C27EB711500A005AB /* SceneDelegate.swift */; };
		A425F81F27EB711500A005AB /* ViewController.swift in Sources */ = {isa = PBXBuildFile; fileRef = A425F81E27EB711500A005AB /* ViewController.swift */; };
		A425F82227EB711500A005AB /* Main.storyboard in Resources */ = {isa = PBXBuildFile; fileRef = A425F82027EB711500A005AB /* Main.storyboard */; };
		A425F82427EB711600A005AB /* Assets.xcassets in Resources */ = {isa = PBXBuildFile; fileRef = A425F82327EB711600A005AB /* Assets.xcassets */; };
		A425F82727EB711600A005AB /* LaunchScreen.storyboard in Resources */ = {isa = PBXBuildFile; fileRef = A425F82527EB711600A005AB /* LaunchScreen.storyboard */; };
		A425F83327EC46BB00A005AB /* rawContentData.swift in Sources */ = {isa = PBXBuildFile; fileRef = A425F83227EC46BB00A005AB /* rawContentData.swift */; };
		A425F83827EC4F0500A005AB /* CollectionViewCell.swift in Sources */ = {isa = PBXBuildFile; fileRef = A425F83627EC4F0500A005AB /* CollectionViewCell.swift */; };
		A425F83927EC4F0500A005AB /* CollectionViewCell.xib in Resources */ = {isa = PBXBuildFile; fileRef = A425F83727EC4F0500A005AB /* CollectionViewCell.xib */; };
/* End PBXBuildFile section */

/* Begin PBXFileReference section */
		A425F81727EB711500A005AB /* DynamicCollectionView.app */ = {isa = PBXFileReference; explicitFileType = wrapper.application; includeInIndex = 0; path = DynamicCollectionView.app; sourceTree = BUILT_PRODUCTS_DIR; };
		A425F81A27EB711500A005AB /* AppDelegate.swift */ = {isa = PBXFileReference; lastKnownFileType = sourcecode.swift; path = AppDelegate.swift; sourceTree = "<group>"; };
		A425F81C27EB711500A005AB /* SceneDelegate.swift */ = {isa = PBXFileReference; lastKnownFileType = sourcecode.swift; path = SceneDelegate.swift; sourceTree = "<group>"; };
		A425F81E27EB711500A005AB /* ViewController.swift */ = {isa = PBXFileReference; lastKnownFileType = sourcecode.swift; path = ViewController.swift; sourceTree = "<group>"; };
		A425F82127EB711500A005AB /* Base */ = {isa = PBXFileReference; lastKnownFileType = file.storyboard; name = Base; path = Base.lproj/Main.storyboard; sourceTree = "<group>"; };
		A425F82327EB711600A005AB /* Assets.xcassets */ = {isa = PBXFileReference; lastKnownFileType = folder.assetcatalog; path = Assets.xcassets; sourceTree = "<group>"; };
		A425F82627EB711600A005AB /* Base */ = {isa = PBXFileReference; lastKnownFileType = file.storyboard; name = Base; path = Base.lproj/LaunchScreen.storyboard; sourceTree = "<group>"; };
		A425F82827EB711600A005AB /* Info.plist */ = {isa = PBXFileReference; lastKnownFileType = text.plist.xml; path = Info.plist; sourceTree = "<group>"; };
		A425F83227EC46BB00A005AB /* rawContentData.swift */ = {isa = PBXFileReference; lastKnownFileType = sourcecode.swift; path = rawContentData.swift; sourceTree = "<group>"; };
		A425F83627EC4F0500A005AB /* CollectionViewCell.swift */ = {isa = PBXFileReference; lastKnownFileType = sourcecode.swift; path = CollectionViewCell.swift; sourceTree = "<group>"; };
		A425F83727EC4F0500A005AB /* CollectionViewCell.xib */ = {isa = PBXFileReference; lastKnownFileType = file.xib; path = CollectionViewCell.xib; sourceTree = "<group>"; };
/* End PBXFileReference section */

/* Begin PBXFrameworksBuildPhase section */
		A425F81427EB711500A005AB /* Frameworks */ = {
			isa = PBXFrameworksBuildPhase;
			buildActionMask = 2147483647;
			files = (
			);
			runOnlyForDeploymentPostprocessing = 0;
		};
/* End PBXFrameworksBuildPhase section */

/* Begin PBXGroup section */
		A425F80E27EB711500A005AB = {
			isa = PBXGroup;
			children = (
				A425F81927EB711500A005AB /* dynamic tableView */,
				A425F81827EB711500A005AB /* Products */,
			);
			sourceTree = "<group>";
		};
		A425F81827EB711500A005AB /* Products */ = {
			isa = PBXGroup;
			children = (
				A425F81727EB711500A005AB /* DynamicCollectionView.app */,
			);
			name = Products;
			sourceTree = "<group>";
		};
		A425F81927EB711500A005AB /* dynamic tableView */ = {
			isa = PBXGroup;
			children = (
				A425F83627EC4F0500A005AB /* CollectionViewCell.swift */,
				A425F83727EC4F0500A005AB /* CollectionViewCell.xib */,
				A425F83227EC46BB00A005AB /* rawContentData.swift */,
				A425F81A27EB711500A005AB /* AppDelegate.swift */,
				A425F81C27EB711500A005AB /* SceneDelegate.swift */,
				A425F81E27EB711500A005AB /* ViewController.swift */,
				A425F82027EB711500A005AB /* Main.storyboard */,
				A425F82327EB711600A005AB /* Assets.xcassets */,
				A425F82527EB711600A005AB /* LaunchScreen.storyboard */,
				A425F82827EB711600A005AB /* Info.plist */,
			);
			name = "dynamic tableView";
			path = dynamicCollectionView;
			sourceTree = "<group>";
		};
/* End PBXGroup section */

/* Begin PBXNativeTarget section */
		A425F81627EB711500A005AB /* DynamicCollectionView */ = {
			isa = PBXNativeTarget;
			buildConfigurationList = A425F82B27EB711600A005AB /* Build configuration list for PBXNativeTarget "DynamicCollectionView" */;
			buildPhases = (
				A425F81327EB711500A005AB /* Sources */,
				A425F81427EB711500A005AB /* Frameworks */,
				A425F81527EB711500A005AB /* Resources */,
			);
			buildRules = (
			);
			dependencies = (
			);
			name = DynamicCollectionView;
			productName = "dynamic tableView";
			productReference = A425F81727EB711500A005AB /* DynamicCollectionView.app */;
			productType = "com.apple.product-type.application";
		};
/* End PBXNativeTarget section */

/* Begin PBXProject section */
		A425F80F27EB711500A005AB /* Project object */ = {
			isa = PBXProject;
			attributes = {
				BuildIndependentTargetsInParallel = 1;
				LastSwiftUpdateCheck = 1300;
				LastUpgradeCheck = 1300;
				TargetAttributes = {
					A425F81627EB711500A005AB = {
						CreatedOnToolsVersion = 13.0;
					};
				};
			};
			buildConfigurationList = A425F81227EB711500A005AB /* Build configuration list for PBXProject "DynamicCollectionView" */;
			compatibilityVersion = "Xcode 13.0";
			developmentRegion = en;
			hasScannedForEncodings = 0;
			knownRegions = (
				en,
				Base,
			);
			mainGroup = A425F80E27EB711500A005AB;
			productRefGroup = A425F81827EB711500A005AB /* Products */;
			projectDirPath = "";
			projectRoot = "";
			targets = (
				A425F81627EB711500A005AB /* DynamicCollectionView */,
			);
		};
/* End PBXProject section */

/* Begin PBXResourcesBuildPhase section */
		A425F81527EB711500A005AB /* Resources */ = {
			isa = PBXResourcesBuildPhase;
			buildActionMask = 2147483647;
			files = (
				A425F82727EB711600A005AB /* LaunchScreen.storyboard in Resources */,
				A425F82427EB711600A005AB /* Assets.xcassets in Resources */,
				A425F83927EC4F0500A005AB /* CollectionViewCell.xib in Resources */,
				A425F82227EB711500A005AB /* Main.storyboard in Resources */,
			);
			runOnlyForDeploymentPostprocessing = 0;
		};
/* End PBXResourcesBuildPhase section */

/* Begin PBXSourcesBuildPhase section */
		A425F81327EB711500A005AB /* Sources */ = {
			isa = PBXSourcesBuildPhase;
			buildActionMask = 2147483647;
			files = (
				A425F83827EC4F0500A005AB /* CollectionViewCell.swift in Sources */,
				A425F81F27EB711500A005AB /* ViewController.swift in Sources */,
				A425F83327EC46BB00A005AB /* rawContentData.swift in Sources */,
				A425F81B27EB711500A005AB /* AppDelegate.swift in Sources */,
				A425F81D27EB711500A005AB /* SceneDelegate.swift in Sources */,
			);
			runOnlyForDeploymentPostprocessing = 0;
		};
/* End PBXSourcesBuildPhase section */

/* Begin PBXVariantGroup section */
		A425F82027EB711500A005AB /* Main.storyboard */ = {
			isa = PBXVariantGroup;
			children = (
				A425F82127EB711500A005AB /* Base */,
			);
			name = Main.storyboard;
			sourceTree = "<group>";
		};
		A425F82527EB711600A005AB /* LaunchScreen.storyboard */ = {
			isa = PBXVariantGroup;
			children = (
				A425F82627EB711600A005AB /* Base */,
			);
			name = LaunchScreen.storyboard;
			sourceTree = "<group>";
		};
/* End PBXVariantGroup section */

/* Begin XCBuildConfiguration section */
		A425F82927EB711600A005AB /* Debug */ = {
			isa = XCBuildConfiguration;
			buildSettings = {
				ALWAYS_SEARCH_USER_PATHS = NO;
				CLANG_ANALYZER_NONNULL = YES;
				CLANG_ANALYZER_NUMBER_OBJECT_CONVERSION = YES_AGGRESSIVE;
				CLANG_CXX_LANGUAGE_STANDARD = "gnu++17";
				CLANG_CXX_LIBRARY = "libc++";
				CLANG_ENABLE_MODULES = YES;
				CLANG_ENABLE_OBJC_ARC = YES;
				CLANG_ENABLE_OBJC_WEAK = YES;
				CLANG_WARN_BLOCK_CAPTURE_AUTORELEASING = YES;
				CLANG_WARN_BOOL_CONVERSION = YES;
				CLANG_WARN_COMMA = YES;
				CLANG_WARN_CONSTANT_CONVERSION = YES;
				CLANG_WARN_DEPRECATED_OBJC_IMPLEMENTATIONS = YES;
				CLANG_WARN_DIRECT_OBJC_ISA_USAGE = YES_ERROR;
				CLANG_WARN_DOCUMENTATION_COMMENTS = YES;
				CLANG_WARN_EMPTY_BODY = YES;
				CLANG_WARN_ENUM_CONVERSION = YES;
				CLANG_WARN_INFINITE_RECURSION = YES;
				CLANG_WARN_INT_CONVERSION = YES;
				CLANG_WARN_NON_LITERAL_NULL_CONVERSION = YES;
				CLANG_WARN_OBJC_IMPLICIT_RETAIN_SELF = YES;
				CLANG_WARN_OBJC_LITERAL_CONVERSION = YES;
				CLANG_WARN_OBJC_ROOT_CLASS = YES_ERROR;
				CLANG_WARN_QUOTED_INCLUDE_IN_FRAMEWORK_HEADER = YES;
				CLANG_WARN_RANGE_LOOP_ANALYSIS = YES;
				CLANG_WARN_STRICT_PROTOTYPES = YES;
				CLANG_WARN_SUSPICIOUS_MOVE = YES;
				CLANG_WARN_UNGUARDED_AVAILABILITY = YES_AGGRESSIVE;
				CLANG_WARN_UNREACHABLE_CODE = YES;
				CLANG_WARN__DUPLICATE_METHOD_MATCH = YES;
				COPY_PHASE_STRIP = NO;
				DEBUG_INFORMATION_FORMAT = dwarf;
				ENABLE_STRICT_OBJC_MSGSEND = YES;
				ENABLE_TESTABILITY = YES;
				GCC_C_LANGUAGE_STANDARD = gnu11;
				GCC_DYNAMIC_NO_PIC = NO;
				GCC_NO_COMMON_BLOCKS = YES;
				GCC_OPTIMIZATION_LEVEL = 0;
				GCC_PREPROCESSOR_DEFINITIONS = (
					"DEBUG=1",
					"$(inherited)",
				);
				GCC_WARN_64_TO_32_BIT_CONVERSION = YES;
				GCC_WARN_ABOUT_RETURN_TYPE = YES_ERROR;
				GCC_WARN_UNDECLARED_SELECTOR = YES;
				GCC_WARN_UNINITIALIZED_AUTOS = YES_AGGRESSIVE;
				GCC_WARN_UNUSED_FUNCTION = YES;
				GCC_WARN_UNUSED_VARIABLE = YES;
				IPHONEOS_DEPLOYMENT_TARGET = 15.0;
				MTL_ENABLE_DEBUG_INFO = INCLUDE_SOURCE;
				MTL_FAST_MATH = YES;
				ONLY_ACTIVE_ARCH = YES;
				SDKROOT = iphoneos;
				SWIFT_ACTIVE_COMPILATION_CONDITIONS = DEBUG;
				SWIFT_OPTIMIZATION_LEVEL = "-Onone";
			};
			name = Debug;
		};
		A425F82A27EB711600A005AB /* Release */ = {
			isa = XCBuildConfiguration;
			buildSettings = {
				ALWAYS_SEARCH_USER_PATHS = NO;
				CLANG_ANALYZER_NONNULL = YES;
				CLANG_ANALYZER_NUMBER_OBJECT_CONVERSION = YES_AGGRESSIVE;
				CLANG_CXX_LANGUAGE_STANDARD = "gnu++17";
				CLANG_CXX_LIBRARY = "libc++";
				CLANG_ENABLE_MODULES = YES;
				CLANG_ENABLE_OBJC_ARC = YES;
				CLANG_ENABLE_OBJC_WEAK = YES;
				CLANG_WARN_BLOCK_CAPTURE_AUTORELEASING = YES;
				CLANG_WARN_BOOL_CONVERSION = YES;
				CLANG_WARN_COMMA = YES;
				CLANG_WARN_CONSTANT_CONVERSION = YES;
				CLANG_WARN_DEPRECATED_OBJC_IMPLEMENTATIONS = YES;
				CLANG_WARN_DIRECT_OBJC_ISA_USAGE = YES_ERROR;
				CLANG_WARN_DOCUMENTATION_COMMENTS = YES;
				CLANG_WARN_EMPTY_BODY = YES;
				CLANG_WARN_ENUM_CONVERSION = YES;
				CLANG_WARN_INFINITE_RECURSION = YES;
				CLANG_WARN_INT_CONVERSION = YES;
				CLANG_WARN_NON_LITERAL_NULL_CONVERSION = YES;
				CLANG_WARN_OBJC_IMPLICIT_RETAIN_SELF = YES;
				CLANG_WARN_OBJC_LITERAL_CONVERSION = YES;
				CLANG_WARN_OBJC_ROOT_CLASS = YES_ERROR;
				CLANG_WARN_QUOTED_INCLUDE_IN_FRAMEWORK_HEADER = YES;
				CLANG_WARN_RANGE_LOOP_ANALYSIS = YES;
				CLANG_WARN_STRICT_PROTOTYPES = YES;
				CLANG_WARN_SUSPICIOUS_MOVE = YES;
				CLANG_WARN_UNGUARDED_AVAILABILITY = YES_AGGRESSIVE;
				CLANG_WARN_UNREACHABLE_CODE = YES;
				CLANG_WARN__DUPLICATE_METHOD_MATCH = YES;
				COPY_PHASE_STRIP = NO;
				DEBUG_INFORMATION_FORMAT = "dwarf-with-dsym";
				ENABLE_NS_ASSERTIONS = NO;
				ENABLE_STRICT_OBJC_MSGSEND = YES;
				GCC_C_LANGUAGE_STANDARD = gnu11;
				GCC_NO_COMMON_BLOCKS = YES;
				GCC_WARN_64_TO_32_BIT_CONVERSION = YES;
				GCC_WARN_ABOUT_RETURN_TYPE = YES_ERROR;
				GCC_WARN_UNDECLARED_SELECTOR = YES;
				GCC_WARN_UNINITIALIZED_AUTOS = YES_AGGRESSIVE;
				GCC_WARN_UNUSED_FUNCTION = YES;
				GCC_WARN_UNUSED_VARIABLE = YES;
				IPHONEOS_DEPLOYMENT_TARGET = 15.0;
				MTL_ENABLE_DEBUG_INFO = NO;
				MTL_FAST_MATH = YES;
				SDKROOT = iphoneos;
				SWIFT_COMPILATION_MODE = wholemodule;
				SWIFT_OPTIMIZATION_LEVEL = "-O";
				VALIDATE_PRODUCT = YES;
			};
			name = Release;
		};
		A425F82C27EB711600A005AB /* Debug */ = {
			isa = XCBuildConfiguration;
			buildSettings = {
				ASSETCATALOG_COMPILER_APPICON_NAME = AppIcon;
				ASSETCATALOG_COMPILER_GLOBAL_ACCENT_COLOR_NAME = AccentColor;
				CODE_SIGN_STYLE = Automatic;
				CURRENT_PROJECT_VERSION = 1;
				DEVELOPMENT_TEAM = WA6PY6NL25;
				GENERATE_INFOPLIST_FILE = YES;
				INFOPLIST_FILE = DynamicCollectionView/Info.plist;
				INFOPLIST_KEY_UIApplicationSupportsIndirectInputEvents = YES;
				INFOPLIST_KEY_UILaunchStoryboardName = LaunchScreen;
				INFOPLIST_KEY_UIMainStoryboardFile = Main;
				INFOPLIST_KEY_UISupportedInterfaceOrientations_iPad = "UIInterfaceOrientationPortrait UIInterfaceOrientationPortraitUpsideDown UIInterfaceOrientationLandscapeLeft UIInterfaceOrientationLandscapeRight";
				INFOPLIST_KEY_UISupportedInterfaceOrientations_iPhone = "UIInterfaceOrientationPortrait UIInterfaceOrientationLandscapeLeft UIInterfaceOrientationLandscapeRight";
				LD_RUNPATH_SEARCH_PATHS = (
					"$(inherited)",
					"@executable_path/Frameworks",
				);
				MARKETING_VERSION = 1.0;
				PRODUCT_BUNDLE_IDENTIFIER = "io.github.skkimeo.dynamic-tableView";
				PRODUCT_NAME = "$(TARGET_NAME)";
				SWIFT_EMIT_LOC_STRINGS = YES;
				SWIFT_VERSION = 5.0;
				TARGETED_DEVICE_FAMILY = "1,2";
			};
			name = Debug;
		};
		A425F82D27EB711600A005AB /* Release */ = {
			isa = XCBuildConfiguration;
			buildSettings = {
				ASSETCATALOG_COMPILER_APPICON_NAME = AppIcon;
				ASSETCATALOG_COMPILER_GLOBAL_ACCENT_COLOR_NAME = AccentColor;
				CODE_SIGN_STYLE = Automatic;
				CURRENT_PROJECT_VERSION = 1;
				DEVELOPMENT_TEAM = WA6PY6NL25;
				GENERATE_INFOPLIST_FILE = YES;
				INFOPLIST_FILE = DynamicCollectionView/Info.plist;
				INFOPLIST_KEY_UIApplicationSupportsIndirectInputEvents = YES;
				INFOPLIST_KEY_UILaunchStoryboardName = LaunchScreen;
				INFOPLIST_KEY_UIMainStoryboardFile = Main;
				INFOPLIST_KEY_UISupportedInterfaceOrientations_iPad = "UIInterfaceOrientationPortrait UIInterfaceOrientationPortraitUpsideDown UIInterfaceOrientationLandscapeLeft UIInterfaceOrientationLandscapeRight";
				INFOPLIST_KEY_UISupportedInterfaceOrientations_iPhone = "UIInterfaceOrientationPortrait UIInterfaceOrientationLandscapeLeft UIInterfaceOrientationLandscapeRight";
				LD_RUNPATH_SEARCH_PATHS = (
					"$(inherited)",
					"@executable_path/Frameworks",
				);
				MARKETING_VERSION = 1.0;
				PRODUCT_BUNDLE_IDENTIFIER = "io.github.skkimeo.dynamic-tableView";
				PRODUCT_NAME = "$(TARGET_NAME)";
				SWIFT_EMIT_LOC_STRINGS = YES;
				SWIFT_VERSION = 5.0;
				TARGETED_DEVICE_FAMILY = "1,2";
			};
			name = Release;
		};
/* End XCBuildConfiguration section */

/* Begin XCConfigurationList section */
		A425F81227EB711500A005AB /* Build configuration list for PBXProject "DynamicCollectionView" */ = {
			isa = XCConfigurationList;
			buildConfigurations = (
				A425F82927EB711600A005AB /* Debug */,
				A425F82A27EB711600A005AB /* Release */,
			);
			defaultConfigurationIsVisible = 0;
			defaultConfigurationName = Release;
		};
		A425F82B27EB711600A005AB /* Build configuration list for PBXNativeTarget "DynamicCollectionView" */ = {
			isa = XCConfigurationList;
			buildConfigurations = (
				A425F82C27EB711600A005AB /* Debug */,
				A425F82D27EB711600A005AB /* Release */,
			);
			defaultConfigurationIsVisible = 0;
			defaultConfigurationName = Release;
		};
/* End XCConfigurationList section */
	};
	rootObject = A425F80F27EB711500A005AB /* Project object */;
}
